
Microsoft Visual Studio Solution File, Format Version 12.00
# Visual Studio Version 16
VisualStudioVersion = 16.0.31829.152
MinimumVisualStudioVersion = 10.0.40219.1
Project("{FAE04EC0-301F-11D3-BF4B-00C04F79EFBC}") = "4Converter", "4Converter\4Converter.csproj", "{079942E8-30D7-40D3-9A0E-98C1BC2543B7}"
EndProject
Global
	GlobalSection(SolutionConfigurationPlatforms) = preSolution
		Debug|Any CPU = Debug|Any CPU
		Release|Any CPU = Release|Any CPU
	EndGlobalSection
	GlobalSection(ProjectConfigurationPlatforms) = postSolution
		{079942E8-30D7-40D3-9A0E-98C1BC2543B7}.Debug|Any CPU.ActiveCfg = Debug|Any CPU
		{079942E8-30D7-40D3-9A0E-98C1BC2543B7}.Debug|Any CPU.Build.0 = Debug|Any CPU
		{079942E8-30D7-40D3-9A0E-98C1BC2543B7}.Release|Any CPU.ActiveCfg = Release|Any CPU
		{079942E8-30D7-40D3-9A0E-98C1BC2543B7}.Release|Any CPU.Build.0 = Release|Any CPU
	EndGlobalSection
	GlobalSection(SolutionProperties) = preSolution
		HideSolutionNode = FALSE
	EndGlobalSection
	GlobalSection(ExtensibilityGlobals) = postSolution
		SolutionGuid = {F9A9BBB9-9D60-4815-A429-280BE0D9A504}
	EndGlobalSection
EndGlobal
